
Microsoft Visual Studio Solution File, Format Version 11.00
# Visual Studio 2010
Project("{002A2DE9-8BB6-484D-9802-7E4AD4084715}") = "ezScript", "DCode\ezScript.visualdproj", "{CE4F3549-1C49-4AD2-9639-CC96D508FE75}"
EndProject
Project("{002A2DE9-8BB6-484D-9802-7E4AD4084715}") = "ezScriptHook", "DCode\ezScriptHook.visualdproj", "{060B21ED-4D6E-4E30-A862-1AEDE7FC2ABD}"
EndProject
Global
	GlobalSection(SolutionConfigurationPlatforms) = preSolution
		Debug|x64 = Debug|x64
		Release|x64 = Release|x64
	EndGlobalSection
	GlobalSection(ProjectConfigurationPlatforms) = postSolution
		{CE4F3549-1C49-4AD2-9639-CC96D508FE75}.Debug|x64.ActiveCfg = Debug|x64
		{CE4F3549-1C49-4AD2-9639-CC96D508FE75}.Debug|x64.Build.0 = Debug|x64
		{CE4F3549-1C49-4AD2-9639-CC96D508FE75}.Release|x64.ActiveCfg = Release|x64
		{CE4F3549-1C49-4AD2-9639-CC96D508FE75}.Release|x64.Build.0 = Release|x64
		{060B21ED-4D6E-4E30-A862-1AEDE7FC2ABD}.Debug|x64.ActiveCfg = Debug|x64
		{060B21ED-4D6E-4E30-A862-1AEDE7FC2ABD}.Debug|x64.Build.0 = Debug|x64
		{060B21ED-4D6E-4E30-A862-1AEDE7FC2ABD}.Release|x64.ActiveCfg = Release|x64
		{060B21ED-4D6E-4E30-A862-1AEDE7FC2ABD}.Release|x64.Build.0 = Release|x64
	EndGlobalSection
	GlobalSection(SolutionProperties) = preSolution
		HideSolutionNode = FALSE
	EndGlobalSection
EndGlobal
