
Microsoft Visual Studio Solution File, Format Version 11.00
# Visual Studio 2010
Project("{002A2DE9-8BB6-484D-9802-7E4AD4084715}") = "ezScript", "DCode\ezScript.visualdproj", "{CE4F3549-1C49-4AD2-9639-CC96D508FE75}"
EndProject
Project("{002A2DE9-8BB6-484D-9802-7E4AD4084715}") = "ezScriptHook", "DCode\ezScriptHook.visualdproj", "{060B21ED-4D6E-4E30-A862-1AEDE7FC2ABD}"
EndProject
Global
	GlobalSection(SolutionConfigurationPlatforms) = preSolution
		Debug|Win32 = Debug|Win32
		Release|Win32 = Release|Win32
	EndGlobalSection
	GlobalSection(ProjectConfigurationPlatforms) = postSolution
		{CE4F3549-1C49-4AD2-9639-CC96D508FE75}.Debug|Win32.ActiveCfg = Debug|Win32
		{CE4F3549-1C49-4AD2-9639-CC96D508FE75}.Debug|Win32.Build.0 = Debug|Win32
		{CE4F3549-1C49-4AD2-9639-CC96D508FE75}.Release|Win32.ActiveCfg = Release|Win32
		{CE4F3549-1C49-4AD2-9639-CC96D508FE75}.Release|Win32.Build.0 = Release|Win32
		{060B21ED-4D6E-4E30-A862-1AEDE7FC2ABD}.Debug|Win32.ActiveCfg = Debug|Win32
		{060B21ED-4D6E-4E30-A862-1AEDE7FC2ABD}.Debug|Win32.Build.0 = Debug|Win32
		{060B21ED-4D6E-4E30-A862-1AEDE7FC2ABD}.Release|Win32.ActiveCfg = Release|Win32
		{060B21ED-4D6E-4E30-A862-1AEDE7FC2ABD}.Release|Win32.Build.0 = Release|Win32
	EndGlobalSection
	GlobalSection(SolutionProperties) = preSolution
		HideSolutionNode = FALSE
	EndGlobalSection
EndGlobal
